// !$*UTF8*$!
{
	archiveVersion = 1;
	classes = {
	};
	objectVersion = 56;
	objects = {

/* Begin PBXBuildFile section */
		3919A39E2B12573E005FF54A /* CryptoKadApp.swift in Sources */ = {isa = PBXBuildFile; fileRef = 3919A39D2B12573E005FF54A /* CryptoKadApp.swift */; };
		3919A3A02B12573E005FF54A /* StartView.swift in Sources */ = {isa = PBXBuildFile; fileRef = 3919A39F2B12573E005FF54A /* StartView.swift */; };
		3919A3A22B12573F005FF54A /* Assets.xcassets in Resources */ = {isa = PBXBuildFile; fileRef = 3919A3A12B12573F005FF54A /* Assets.xcassets */; };
		3919A3A52B12573F005FF54A /* Preview Assets.xcassets in Resources */ = {isa = PBXBuildFile; fileRef = 3919A3A42B12573F005FF54A /* Preview Assets.xcassets */; };
		3919A3AD2B1257D1005FF54A /* Color Extention.swift in Sources */ = {isa = PBXBuildFile; fileRef = 3919A3AC2B1257D1005FF54A /* Color Extention.swift */; };
		3919A3B12B125A87005FF54A /* CreateAccountButton.swift in Sources */ = {isa = PBXBuildFile; fileRef = 3919A3B02B125A87005FF54A /* CreateAccountButton.swift */; };
		3919A3B62B126AB9005FF54A /* RegistrationView.swift in Sources */ = {isa = PBXBuildFile; fileRef = 3919A3B52B126AB9005FF54A /* RegistrationView.swift */; };
		3919A3B82B126E6E005FF54A /* TextFiledView.swift in Sources */ = {isa = PBXBuildFile; fileRef = 3919A3B72B126E6E005FF54A /* TextFiledView.swift */; };
		3919A3BA2B1270E9005FF54A /* AuthViewModel.swift in Sources */ = {isa = PBXBuildFile; fileRef = 3919A3B92B1270E9005FF54A /* AuthViewModel.swift */; };
		3919A3BE2B1276A6005FF54A /* Log In Button.swift in Sources */ = {isa = PBXBuildFile; fileRef = 3919A3BD2B1276A6005FF54A /* Log In Button.swift */; };
/* End PBXBuildFile section */

/* Begin PBXFileReference section */
		3919A39A2B12573E005FF54A /* CryptoKad.app */ = {isa = PBXFileReference; explicitFileType = wrapper.application; includeInIndex = 0; path = CryptoKad.app; sourceTree = BUILT_PRODUCTS_DIR; };
		3919A39D2B12573E005FF54A /* CryptoKadApp.swift */ = {isa = PBXFileReference; lastKnownFileType = sourcecode.swift; path = CryptoKadApp.swift; sourceTree = "<group>"; };
		3919A39F2B12573E005FF54A /* StartView.swift */ = {isa = PBXFileReference; lastKnownFileType = sourcecode.swift; path = StartView.swift; sourceTree = "<group>"; };
		3919A3A12B12573F005FF54A /* Assets.xcassets */ = {isa = PBXFileReference; lastKnownFileType = folder.assetcatalog; path = Assets.xcassets; sourceTree = "<group>"; };
		3919A3A42B12573F005FF54A /* Preview Assets.xcassets */ = {isa = PBXFileReference; lastKnownFileType = folder.assetcatalog; path = "Preview Assets.xcassets"; sourceTree = "<group>"; };
		3919A3AC2B1257D1005FF54A /* Color Extention.swift */ = {isa = PBXFileReference; lastKnownFileType = sourcecode.swift; path = "Color Extention.swift"; sourceTree = "<group>"; };
		3919A3B02B125A87005FF54A /* CreateAccountButton.swift */ = {isa = PBXFileReference; lastKnownFileType = sourcecode.swift; path = CreateAccountButton.swift; sourceTree = "<group>"; };
		3919A3B52B126AB9005FF54A /* RegistrationView.swift */ = {isa = PBXFileReference; lastKnownFileType = sourcecode.swift; path = RegistrationView.swift; sourceTree = "<group>"; };
		3919A3B72B126E6E005FF54A /* TextFiledView.swift */ = {isa = PBXFileReference; lastKnownFileType = sourcecode.swift; path = TextFiledView.swift; sourceTree = "<group>"; };
		3919A3B92B1270E9005FF54A /* AuthViewModel.swift */ = {isa = PBXFileReference; lastKnownFileType = sourcecode.swift; path = AuthViewModel.swift; sourceTree = "<group>"; };
		3919A3BD2B1276A6005FF54A /* Log In Button.swift */ = {isa = PBXFileReference; lastKnownFileType = sourcecode.swift; path = "Log In Button.swift"; sourceTree = "<group>"; };
/* End PBXFileReference section */

/* Begin PBXFrameworksBuildPhase section */
		3919A3972B12573E005FF54A /* Frameworks */ = {
			isa = PBXFrameworksBuildPhase;
			buildActionMask = 2147483647;
			files = (
			);
			runOnlyForDeploymentPostprocessing = 0;
		};
/* End PBXFrameworksBuildPhase section */

/* Begin PBXGroup section */
		3919A3912B12573E005FF54A = {
			isa = PBXGroup;
			children = (
				3919A39C2B12573E005FF54A /* CryptoKad */,
				3919A39B2B12573E005FF54A /* Products */,
			);
			sourceTree = "<group>";
		};
		3919A39B2B12573E005FF54A /* Products */ = {
			isa = PBXGroup;
			children = (
				3919A39A2B12573E005FF54A /* CryptoKad.app */,
			);
			name = Products;
			sourceTree = "<group>";
		};
		3919A39C2B12573E005FF54A /* CryptoKad */ = {
			isa = PBXGroup;
			children = (
				3919A3AE2B125883005FF54A /* Core */,
				3919A3AB2B1257BB005FF54A /* Extention */,
				3919A3B22B12689C005FF54A /* System */,
				3919A3A32B12573F005FF54A /* Preview Content */,
			);
			path = CryptoKad;
			sourceTree = "<group>";
		};
		3919A3A32B12573F005FF54A /* Preview Content */ = {
			isa = PBXGroup;
			children = (
				3919A3A42B12573F005FF54A /* Preview Assets.xcassets */,
			);
			path = "Preview Content";
			sourceTree = "<group>";
		};
		3919A3AB2B1257BB005FF54A /* Extention */ = {
			isa = PBXGroup;
			children = (
				3919A3AC2B1257D1005FF54A /* Color Extention.swift */,
			);
			path = Extention;
			sourceTree = "<group>";
		};
		3919A3AE2B125883005FF54A /* Core */ = {
			isa = PBXGroup;
			children = (
				3919A3B32B1268D0005FF54A /* Auth */,
			);
			path = Core;
			sourceTree = "<group>";
		};
		3919A3AF2B125A6D005FF54A /* Components */ = {
			isa = PBXGroup;
			children = (
				3919A3B02B125A87005FF54A /* CreateAccountButton.swift */,
				3919A3B72B126E6E005FF54A /* TextFiledView.swift */,
				3919A3BD2B1276A6005FF54A /* Log In Button.swift */,
			);
			path = Components;
			sourceTree = "<group>";
		};
		3919A3B22B12689C005FF54A /* System */ = {
			isa = PBXGroup;
			children = (
				3919A39D2B12573E005FF54A /* CryptoKadApp.swift */,
				3919A3A12B12573F005FF54A /* Assets.xcassets */,
			);
			path = System;
			sourceTree = "<group>";
		};
		3919A3B32B1268D0005FF54A /* Auth */ = {
			isa = PBXGroup;
			children = (
				3919A3B42B1268D9005FF54A /* View */,
			);
			path = Auth;
			sourceTree = "<group>";
		};
		3919A3B42B1268D9005FF54A /* View */ = {
			isa = PBXGroup;
			children = (
				3919A39F2B12573E005FF54A /* StartView.swift */,
				3919A3B52B126AB9005FF54A /* RegistrationView.swift */,
				3919A3AF2B125A6D005FF54A /* Components */,
				3919A3B92B1270E9005FF54A /* AuthViewModel.swift */,
			);
			path = View;
			sourceTree = "<group>";
		};
/* End PBXGroup section */

/* Begin PBXNativeTarget section */
		3919A3992B12573E005FF54A /* CryptoKad */ = {
			isa = PBXNativeTarget;
			buildConfigurationList = 3919A3A82B12573F005FF54A /* Build configuration list for PBXNativeTarget "CryptoKad" */;
			buildPhases = (
				3919A3962B12573E005FF54A /* Sources */,
				3919A3972B12573E005FF54A /* Frameworks */,
				3919A3982B12573E005FF54A /* Resources */,
			);
			buildRules = (
			);
			dependencies = (
			);
			name = CryptoKad;
			productName = CryptoKad;
			productReference = 3919A39A2B12573E005FF54A /* CryptoKad.app */;
			productType = "com.apple.product-type.application";
		};
/* End PBXNativeTarget section */

/* Begin PBXProject section */
		3919A3922B12573E005FF54A /* Project object */ = {
			isa = PBXProject;
			attributes = {
				BuildIndependentTargetsInParallel = 1;
				LastSwiftUpdateCheck = 1500;
				LastUpgradeCheck = 1500;
				TargetAttributes = {
					3919A3992B12573E005FF54A = {
						CreatedOnToolsVersion = 15.0.1;
					};
				};
			};
			buildConfigurationList = 3919A3952B12573E005FF54A /* Build configuration list for PBXProject "CryptoKad" */;
			compatibilityVersion = "Xcode 14.0";
			developmentRegion = en;
			hasScannedForEncodings = 0;
			knownRegions = (
				en,
				Base,
			);
			mainGroup = 3919A3912B12573E005FF54A;
			productRefGroup = 3919A39B2B12573E005FF54A /* Products */;
			projectDirPath = "";
			projectRoot = "";
			targets = (
				3919A3992B12573E005FF54A /* CryptoKad */,
			);
		};
/* End PBXProject section */

/* Begin PBXResourcesBuildPhase section */
		3919A3982B12573E005FF54A /* Resources */ = {
			isa = PBXResourcesBuildPhase;
			buildActionMask = 2147483647;
			files = (
				3919A3A52B12573F005FF54A /* Preview Assets.xcassets in Resources */,
				3919A3A22B12573F005FF54A /* Assets.xcassets in Resources */,
			);
			runOnlyForDeploymentPostprocessing = 0;
		};
/* End PBXResourcesBuildPhase section */

/* Begin PBXSourcesBuildPhase section */
		3919A3962B12573E005FF54A /* Sources */ = {
			isa = PBXSourcesBuildPhase;
			buildActionMask = 2147483647;
			files = (
				3919A3A02B12573E005FF54A /* StartView.swift in Sources */,
				3919A3B12B125A87005FF54A /* CreateAccountButton.swift in Sources */,
				3919A3AD2B1257D1005FF54A /* Color Extention.swift in Sources */,
				3919A3BE2B1276A6005FF54A /* Log In Button.swift in Sources */,
				3919A3BA2B1270E9005FF54A /* AuthViewModel.swift in Sources */,
				3919A3B62B126AB9005FF54A /* RegistrationView.swift in Sources */,
				3919A3B82B126E6E005FF54A /* TextFiledView.swift in Sources */,
				3919A39E2B12573E005FF54A /* CryptoKadApp.swift in Sources */,
			);
			runOnlyForDeploymentPostprocessing = 0;
		};
/* End PBXSourcesBuildPhase section */

/* Begin XCBuildConfiguration section */
		3919A3A62B12573F005FF54A /* Debug */ = {
			isa = XCBuildConfiguration;
			buildSettings = {
				ALWAYS_SEARCH_USER_PATHS = NO;
				ASSETCATALOG_COMPILER_GENERATE_SWIFT_ASSET_SYMBOL_EXTENSIONS = YES;
				CLANG_ANALYZER_NONNULL = YES;
				CLANG_ANALYZER_NUMBER_OBJECT_CONVERSION = YES_AGGRESSIVE;
				CLANG_CXX_LANGUAGE_STANDARD = "gnu++20";
				CLANG_ENABLE_MODULES = YES;
				CLANG_ENABLE_OBJC_ARC = YES;
				CLANG_ENABLE_OBJC_WEAK = YES;
				CLANG_WARN_BLOCK_CAPTURE_AUTORELEASING = YES;
				CLANG_WARN_BOOL_CONVERSION = YES;
				CLANG_WARN_COMMA = YES;
				CLANG_WARN_CONSTANT_CONVERSION = YES;
				CLANG_WARN_DEPRECATED_OBJC_IMPLEMENTATIONS = YES;
				CLANG_WARN_DIRECT_OBJC_ISA_USAGE = YES_ERROR;
				CLANG_WARN_DOCUMENTATION_COMMENTS = YES;
				CLANG_WARN_EMPTY_BODY = YES;
				CLANG_WARN_ENUM_CONVERSION = YES;
				CLANG_WARN_INFINITE_RECURSION = YES;
				CLANG_WARN_INT_CONVERSION = YES;
				CLANG_WARN_NON_LITERAL_NULL_CONVERSION = YES;
				CLANG_WARN_OBJC_IMPLICIT_RETAIN_SELF = YES;
				CLANG_WARN_OBJC_LITERAL_CONVERSION = YES;
				CLANG_WARN_OBJC_ROOT_CLASS = YES_ERROR;
				CLANG_WARN_QUOTED_INCLUDE_IN_FRAMEWORK_HEADER = YES;
				CLANG_WARN_RANGE_LOOP_ANALYSIS = YES;
				CLANG_WARN_STRICT_PROTOTYPES = YES;
				CLANG_WARN_SUSPICIOUS_MOVE = YES;
				CLANG_WARN_UNGUARDED_AVAILABILITY = YES_AGGRESSIVE;
				CLANG_WARN_UNREACHABLE_CODE = YES;
				CLANG_WARN__DUPLICATE_METHOD_MATCH = YES;
				COPY_PHASE_STRIP = NO;
				DEBUG_INFORMATION_FORMAT = dwarf;
				ENABLE_STRICT_OBJC_MSGSEND = YES;
				ENABLE_TESTABILITY = YES;
				ENABLE_USER_SCRIPT_SANDBOXING = YES;
				GCC_C_LANGUAGE_STANDARD = gnu17;
				GCC_DYNAMIC_NO_PIC = NO;
				GCC_NO_COMMON_BLOCKS = YES;
				GCC_OPTIMIZATION_LEVEL = 0;
				GCC_PREPROCESSOR_DEFINITIONS = (
					"DEBUG=1",
					"$(inherited)",
				);
				GCC_WARN_64_TO_32_BIT_CONVERSION = YES;
				GCC_WARN_ABOUT_RETURN_TYPE = YES_ERROR;
				GCC_WARN_UNDECLARED_SELECTOR = YES;
				GCC_WARN_UNINITIALIZED_AUTOS = YES_AGGRESSIVE;
				GCC_WARN_UNUSED_FUNCTION = YES;
				GCC_WARN_UNUSED_VARIABLE = YES;
				IPHONEOS_DEPLOYMENT_TARGET = 17.0;
				LOCALIZATION_PREFERS_STRING_CATALOGS = YES;
				MTL_ENABLE_DEBUG_INFO = INCLUDE_SOURCE;
				MTL_FAST_MATH = YES;
				ONLY_ACTIVE_ARCH = YES;
				SDKROOT = iphoneos;
				SWIFT_ACTIVE_COMPILATION_CONDITIONS = "DEBUG $(inherited)";
				SWIFT_OPTIMIZATION_LEVEL = "-Onone";
			};
			name = Debug;
		};
		3919A3A72B12573F005FF54A /* Release */ = {
			isa = XCBuildConfiguration;
			buildSettings = {
				ALWAYS_SEARCH_USER_PATHS = NO;
				ASSETCATALOG_COMPILER_GENERATE_SWIFT_ASSET_SYMBOL_EXTENSIONS = YES;
				CLANG_ANALYZER_NONNULL = YES;
				CLANG_ANALYZER_NUMBER_OBJECT_CONVERSION = YES_AGGRESSIVE;
				CLANG_CXX_LANGUAGE_STANDARD = "gnu++20";
				CLANG_ENABLE_MODULES = YES;
				CLANG_ENABLE_OBJC_ARC = YES;
				CLANG_ENABLE_OBJC_WEAK = YES;
				CLANG_WARN_BLOCK_CAPTURE_AUTORELEASING = YES;
				CLANG_WARN_BOOL_CONVERSION = YES;
				CLANG_WARN_COMMA = YES;
				CLANG_WARN_CONSTANT_CONVERSION = YES;
				CLANG_WARN_DEPRECATED_OBJC_IMPLEMENTATIONS = YES;
				CLANG_WARN_DIRECT_OBJC_ISA_USAGE = YES_ERROR;
				CLANG_WARN_DOCUMENTATION_COMMENTS = YES;
				CLANG_WARN_EMPTY_BODY = YES;
				CLANG_WARN_ENUM_CONVERSION = YES;
				CLANG_WARN_INFINITE_RECURSION = YES;
				CLANG_WARN_INT_CONVERSION = YES;
				CLANG_WARN_NON_LITERAL_NULL_CONVERSION = YES;
				CLANG_WARN_OBJC_IMPLICIT_RETAIN_SELF = YES;
				CLANG_WARN_OBJC_LITERAL_CONVERSION = YES;
				CLANG_WARN_OBJC_ROOT_CLASS = YES_ERROR;
				CLANG_WARN_QUOTED_INCLUDE_IN_FRAMEWORK_HEADER = YES;
				CLANG_WARN_RANGE_LOOP_ANALYSIS = YES;
				CLANG_WARN_STRICT_PROTOTYPES = YES;
				CLANG_WARN_SUSPICIOUS_MOVE = YES;
				CLANG_WARN_UNGUARDED_AVAILABILITY = YES_AGGRESSIVE;
				CLANG_WARN_UNREACHABLE_CODE = YES;
				CLANG_WARN__DUPLICATE_METHOD_MATCH = YES;
				COPY_PHASE_STRIP = NO;
				DEBUG_INFORMATION_FORMAT = "dwarf-with-dsym";
				ENABLE_NS_ASSERTIONS = NO;
				ENABLE_STRICT_OBJC_MSGSEND = YES;
				ENABLE_USER_SCRIPT_SANDBOXING = YES;
				GCC_C_LANGUAGE_STANDARD = gnu17;
				GCC_NO_COMMON_BLOCKS = YES;
				GCC_WARN_64_TO_32_BIT_CONVERSION = YES;
				GCC_WARN_ABOUT_RETURN_TYPE = YES_ERROR;
				GCC_WARN_UNDECLARED_SELECTOR = YES;
				GCC_WARN_UNINITIALIZED_AUTOS = YES_AGGRESSIVE;
				GCC_WARN_UNUSED_FUNCTION = YES;
				GCC_WARN_UNUSED_VARIABLE = YES;
				IPHONEOS_DEPLOYMENT_TARGET = 17.0;
				LOCALIZATION_PREFERS_STRING_CATALOGS = YES;
				MTL_ENABLE_DEBUG_INFO = NO;
				MTL_FAST_MATH = YES;
				SDKROOT = iphoneos;
				SWIFT_COMPILATION_MODE = wholemodule;
				VALIDATE_PRODUCT = YES;
			};
			name = Release;
		};
		3919A3A92B12573F005FF54A /* Debug */ = {
			isa = XCBuildConfiguration;
			buildSettings = {
				ASSETCATALOG_COMPILER_APPICON_NAME = AppIcon;
				ASSETCATALOG_COMPILER_GLOBAL_ACCENT_COLOR_NAME = AccentColor;
				CODE_SIGN_STYLE = Automatic;
				CURRENT_PROJECT_VERSION = 1;
				DEVELOPMENT_ASSET_PATHS = "\"CryptoKad/Preview Content\"";
				DEVELOPMENT_TEAM = WX7Z7T8KYD;
				ENABLE_PREVIEWS = YES;
				GENERATE_INFOPLIST_FILE = YES;
				INFOPLIST_KEY_UIApplicationSceneManifest_Generation = YES;
				INFOPLIST_KEY_UIApplicationSupportsIndirectInputEvents = YES;
				INFOPLIST_KEY_UILaunchScreen_Generation = YES;
				INFOPLIST_KEY_UISupportedInterfaceOrientations_iPad = "UIInterfaceOrientationPortrait UIInterfaceOrientationPortraitUpsideDown UIInterfaceOrientationLandscapeLeft UIInterfaceOrientationLandscapeRight";
				INFOPLIST_KEY_UISupportedInterfaceOrientations_iPhone = "UIInterfaceOrientationPortrait UIInterfaceOrientationLandscapeLeft UIInterfaceOrientationLandscapeRight";
				LD_RUNPATH_SEARCH_PATHS = (
					"$(inherited)",
					"@executable_path/Frameworks",
				);
				MARKETING_VERSION = 1.0;
				PRODUCT_BUNDLE_IDENTIFIER = Timur.CryptoKad;
				PRODUCT_NAME = "$(TARGET_NAME)";
				SWIFT_EMIT_LOC_STRINGS = YES;
				SWIFT_VERSION = 5.0;
				TARGETED_DEVICE_FAMILY = "1,2";
			};
			name = Debug;
		};
		3919A3AA2B12573F005FF54A /* Release */ = {
			isa = XCBuildConfiguration;
			buildSettings = {
				ASSETCATALOG_COMPILER_APPICON_NAME = AppIcon;
				ASSETCATALOG_COMPILER_GLOBAL_ACCENT_COLOR_NAME = AccentColor;
				CODE_SIGN_STYLE = Automatic;
				CURRENT_PROJECT_VERSION = 1;
				DEVELOPMENT_ASSET_PATHS = "\"CryptoKad/Preview Content\"";
				DEVELOPMENT_TEAM = WX7Z7T8KYD;
				ENABLE_PREVIEWS = YES;
				GENERATE_INFOPLIST_FILE = YES;
				INFOPLIST_KEY_UIApplicationSceneManifest_Generation = YES;
				INFOPLIST_KEY_UIApplicationSupportsIndirectInputEvents = YES;
				INFOPLIST_KEY_UILaunchScreen_Generation = YES;
				INFOPLIST_KEY_UISupportedInterfaceOrientations_iPad = "UIInterfaceOrientationPortrait UIInterfaceOrientationPortraitUpsideDown UIInterfaceOrientationLandscapeLeft UIInterfaceOrientationLandscapeRight";
				INFOPLIST_KEY_UISupportedInterfaceOrientations_iPhone = "UIInterfaceOrientationPortrait UIInterfaceOrientationLandscapeLeft UIInterfaceOrientationLandscapeRight";
				LD_RUNPATH_SEARCH_PATHS = (
					"$(inherited)",
					"@executable_path/Frameworks",
				);
				MARKETING_VERSION = 1.0;
				PRODUCT_BUNDLE_IDENTIFIER = Timur.CryptoKad;
				PRODUCT_NAME = "$(TARGET_NAME)";
				SWIFT_EMIT_LOC_STRINGS = YES;
				SWIFT_VERSION = 5.0;
				TARGETED_DEVICE_FAMILY = "1,2";
			};
			name = Release;
		};
/* End XCBuildConfiguration section */

/* Begin XCConfigurationList section */
		3919A3952B12573E005FF54A /* Build configuration list for PBXProject "CryptoKad" */ = {
			isa = XCConfigurationList;
			buildConfigurations = (
				3919A3A62B12573F005FF54A /* Debug */,
				3919A3A72B12573F005FF54A /* Release */,
			);
			defaultConfigurationIsVisible = 0;
			defaultConfigurationName = Release;
		};
		3919A3A82B12573F005FF54A /* Build configuration list for PBXNativeTarget "CryptoKad" */ = {
			isa = XCConfigurationList;
			buildConfigurations = (
				3919A3A92B12573F005FF54A /* Debug */,
				3919A3AA2B12573F005FF54A /* Release */,
			);
			defaultConfigurationIsVisible = 0;
			defaultConfigurationName = Release;
		};
/* End XCConfigurationList section */
	};
	rootObject = 3919A3922B12573E005FF54A /* Project object */;
}
